
Microsoft Visual Studio Solution File, Format Version 12.00
# Visual Studio Version 17
VisualStudioVersion = 17.5.002.0
MinimumVisualStudioVersion = 10.0.40219.1
Project("{9A19103F-16F7-4668-BE54-9A1E7A4F7556}") = "ExemploPOO", "ExemploPOO.csproj", "{16B53CFC-F5EF-4CBA-A388-7D3D6FCF7F30}"
EndProject
Global
	GlobalSection(SolutionConfigurationPlatforms) = preSolution
		Debug|Any CPU = Debug|Any CPU
		Release|Any CPU = Release|Any CPU
	EndGlobalSection
	GlobalSection(ProjectConfigurationPlatforms) = postSolution
		{16B53CFC-F5EF-4CBA-A388-7D3D6FCF7F30}.Debug|Any CPU.ActiveCfg = Debug|Any CPU
		{16B53CFC-F5EF-4CBA-A388-7D3D6FCF7F30}.Debug|Any CPU.Build.0 = Debug|Any CPU
		{16B53CFC-F5EF-4CBA-A388-7D3D6FCF7F30}.Release|Any CPU.ActiveCfg = Release|Any CPU
		{16B53CFC-F5EF-4CBA-A388-7D3D6FCF7F30}.Release|Any CPU.Build.0 = Release|Any CPU
	EndGlobalSection
	GlobalSection(SolutionProperties) = preSolution
		HideSolutionNode = FALSE
	EndGlobalSection
	GlobalSection(ExtensibilityGlobals) = postSolution
		SolutionGuid = {FBE696A3-E9AE-419E-BBBB-14BD64B7598A}
	EndGlobalSection
EndGlobal
